// !$*UTF8*$!
{
	archiveVersion = 1;
	classes = {
	};
	objectVersion = 46;
	objects = {

/* Begin PBXBuildFile section */
		7E4C85881D6D3C26004937F4 /* main.m in Sources */ = {isa = PBXBuildFile; fileRef = 7E4C85871D6D3C26004937F4 /* main.m */; };
		7E4C858B1D6D3C26004937F4 /* AppDelegate.m in Sources */ = {isa = PBXBuildFile; fileRef = 7E4C858A1D6D3C26004937F4 /* AppDelegate.m */; };
		7E4C858E1D6D3C26004937F4 /* ViewController.m in Sources */ = {isa = PBXBuildFile; fileRef = 7E4C858D1D6D3C26004937F4 /* ViewController.m */; };
		7E4C85911D6D3C26004937F4 /* Main.storyboard in Resources */ = {isa = PBXBuildFile; fileRef = 7E4C858F1D6D3C26004937F4 /* Main.storyboard */; };
		7E4C85931D6D3C26004937F4 /* Assets.xcassets in Resources */ = {isa = PBXBuildFile; fileRef = 7E4C85921D6D3C26004937F4 /* Assets.xcassets */; };
		7E4C85961D6D3C26004937F4 /* LaunchScreen.storyboard in Resources */ = {isa = PBXBuildFile; fileRef = 7E4C85941D6D3C26004937F4 /* LaunchScreen.storyboard */; };
		7E4C86061D6D3CF7004937F4 /* base64.m in Sources */ = {isa = PBXBuildFile; fileRef = 7E4C85EE1D6D3CF7004937F4 /* base64.m */; };
		7E4C86071D6D3CF7004937F4 /* BBRSACryptor.m in Sources */ = {isa = PBXBuildFile; fileRef = 7E4C85F01D6D3CF7004937F4 /* BBRSACryptor.m */; };
		7E4C86081D6D3CF7004937F4 /* DataSigner.m in Sources */ = {isa = PBXBuildFile; fileRef = 7E4C85F31D6D3CF7004937F4 /* DataSigner.m */; };
		7E4C86091D6D3CF7004937F4 /* DataVerifier.m in Sources */ = {isa = PBXBuildFile; fileRef = 7E4C85F51D6D3CF7004937F4 /* DataVerifier.m */; };
		7E4C860A1D6D3CF7004937F4 /* MD5DataSigner.m in Sources */ = {isa = PBXBuildFile; fileRef = 7E4C85F71D6D3CF7004937F4 /* MD5DataSigner.m */; };
		7E4C860B1D6D3CF7004937F4 /* NSData+Base64.m in Sources */ = {isa = PBXBuildFile; fileRef = 7E4C85F91D6D3CF7004937F4 /* NSData+Base64.m */; };
		7E4C860C1D6D3CF7004937F4 /* NSDataEx.m in Sources */ = {isa = PBXBuildFile; fileRef = 7E4C85FB1D6D3CF7004937F4 /* NSDataEx.m */; };
		7E4C860D1D6D3CF7004937F4 /* NSString+Base64.m in Sources */ = {isa = PBXBuildFile; fileRef = 7E4C85FD1D6D3CF7004937F4 /* NSString+Base64.m */; };
		7E4C860E1D6D3CF7004937F4 /* openssl_wrapper.m in Sources */ = {isa = PBXBuildFile; fileRef = 7E4C85FF1D6D3CF7004937F4 /* openssl_wrapper.m */; };
		7E4C860F1D6D3CF7004937F4 /* RSADataSigner.m in Sources */ = {isa = PBXBuildFile; fileRef = 7E4C86011D6D3CF7004937F4 /* RSADataSigner.m */; };
		7E4C86101D6D3CF7004937F4 /* RSADataVerifier.m in Sources */ = {isa = PBXBuildFile; fileRef = 7E4C86031D6D3CF7004937F4 /* RSADataVerifier.m */; };
		7E4C861C1D6D4120004937F4 /* CreateKeyViewController.m in Sources */ = {isa = PBXBuildFile; fileRef = 7E4C861A1D6D4120004937F4 /* CreateKeyViewController.m */; };
		7E4C861D1D6D4120004937F4 /* CreateKeyViewController.xib in Resources */ = {isa = PBXBuildFile; fileRef = 7E4C861B1D6D4120004937F4 /* CreateKeyViewController.xib */; };
		7E4C86201D6D4890004937F4 /* iToast.m in Sources */ = {isa = PBXBuildFile; fileRef = 7E4C861F1D6D4890004937F4 /* iToast.m */; settings = {COMPILER_FLAGS = "-fno-objc-arc"; }; };
		7E4C86231D6D48C3004937F4 /* app_private_key.pem in Resources */ = {isa = PBXBuildFile; fileRef = 7E4C86211D6D48C3004937F4 /* app_private_key.pem */; };
		7E4C86241D6D48C3004937F4 /* app_public_key.pem in Resources */ = {isa = PBXBuildFile; fileRef = 7E4C86221D6D48C3004937F4 /* app_public_key.pem */; };
/* End PBXBuildFile section */

/* Begin PBXFileReference section */
		209B7E55B19D468642C9F64A /* Pods-RSA_decode_encode_for_fileAndString.debug.xcconfig */ = {isa = PBXFileReference; includeInIndex = 1; lastKnownFileType = text.xcconfig; name = "Pods-RSA_decode_encode_for_fileAndString.debug.xcconfig"; path = "Pods/Target Support Files/Pods-RSA_decode_encode_for_fileAndString/Pods-RSA_decode_encode_for_fileAndString.debug.xcconfig"; sourceTree = "<group>"; };
		32F68F76137C41FFE195BF47 /* libPods-RSA_decode_encode_for_fileAndString.a */ = {isa = PBXFileReference; explicitFileType = archive.ar; includeInIndex = 0; path = "libPods-RSA_decode_encode_for_fileAndString.a"; sourceTree = BUILT_PRODUCTS_DIR; };
		38E354665E09F46C5C0618A4 /* Pods-RSA_decode_encode_for_fileAndString.release.xcconfig */ = {isa = PBXFileReference; includeInIndex = 1; lastKnownFileType = text.xcconfig; name = "Pods-RSA_decode_encode_for_fileAndString.release.xcconfig"; path = "Pods/Target Support Files/Pods-RSA_decode_encode_for_fileAndString/Pods-RSA_decode_encode_for_fileAndString.release.xcconfig"; sourceTree = "<group>"; };
		7E4C85831D6D3C26004937F4 /* RSA_decode_encode_for_fileAndString.app */ = {isa = PBXFileReference; explicitFileType = wrapper.application; includeInIndex = 0; path = RSA_decode_encode_for_fileAndString.app; sourceTree = BUILT_PRODUCTS_DIR; };
		7E4C85871D6D3C26004937F4 /* main.m */ = {isa = PBXFileReference; lastKnownFileType = sourcecode.c.objc; path = main.m; sourceTree = "<group>"; };
		7E4C85891D6D3C26004937F4 /* AppDelegate.h */ = {isa = PBXFileReference; lastKnownFileType = sourcecode.c.h; path = AppDelegate.h; sourceTree = "<group>"; };
		7E4C858A1D6D3C26004937F4 /* AppDelegate.m */ = {isa = PBXFileReference; lastKnownFileType = sourcecode.c.objc; path = AppDelegate.m; sourceTree = "<group>"; };
		7E4C858C1D6D3C26004937F4 /* ViewController.h */ = {isa = PBXFileReference; lastKnownFileType = sourcecode.c.h; path = ViewController.h; sourceTree = "<group>"; };
		7E4C858D1D6D3C26004937F4 /* ViewController.m */ = {isa = PBXFileReference; lastKnownFileType = sourcecode.c.objc; path = ViewController.m; sourceTree = "<group>"; };
		7E4C85901D6D3C26004937F4 /* Base */ = {isa = PBXFileReference; lastKnownFileType = file.storyboard; name = Base; path = Base.lproj/Main.storyboard; sourceTree = "<group>"; };
		7E4C85921D6D3C26004937F4 /* Assets.xcassets */ = {isa = PBXFileReference; lastKnownFileType = folder.assetcatalog; path = Assets.xcassets; sourceTree = "<group>"; };
		7E4C85951D6D3C26004937F4 /* Base */ = {isa = PBXFileReference; lastKnownFileType = file.storyboard; name = Base; path = Base.lproj/LaunchScreen.storyboard; sourceTree = "<group>"; };
		7E4C85971D6D3C26004937F4 /* Info.plist */ = {isa = PBXFileReference; lastKnownFileType = text.plist.xml; path = Info.plist; sourceTree = "<group>"; };
		7E4C85ED1D6D3CF7004937F4 /* base64.h */ = {isa = PBXFileReference; fileEncoding = 4; lastKnownFileType = sourcecode.c.h; path = base64.h; sourceTree = "<group>"; };
		7E4C85EE1D6D3CF7004937F4 /* base64.m */ = {isa = PBXFileReference; fileEncoding = 4; lastKnownFileType = sourcecode.c.objc; path = base64.m; sourceTree = "<group>"; };
		7E4C85EF1D6D3CF7004937F4 /* BBRSACryptor.h */ = {isa = PBXFileReference; fileEncoding = 4; lastKnownFileType = sourcecode.c.h; path = BBRSACryptor.h; sourceTree = "<group>"; };
		7E4C85F01D6D3CF7004937F4 /* BBRSACryptor.m */ = {isa = PBXFileReference; fileEncoding = 4; lastKnownFileType = sourcecode.c.objc; path = BBRSACryptor.m; sourceTree = "<group>"; };
		7E4C85F11D6D3CF7004937F4 /* config.h */ = {isa = PBXFileReference; fileEncoding = 4; lastKnownFileType = sourcecode.c.h; path = config.h; sourceTree = "<group>"; };
		7E4C85F21D6D3CF7004937F4 /* DataSigner.h */ = {isa = PBXFileReference; fileEncoding = 4; lastKnownFileType = sourcecode.c.h; path = DataSigner.h; sourceTree = "<group>"; };
		7E4C85F31D6D3CF7004937F4 /* DataSigner.m */ = {isa = PBXFileReference; fileEncoding = 4; lastKnownFileType = sourcecode.c.objc; path = DataSigner.m; sourceTree = "<group>"; };
		7E4C85F41D6D3CF7004937F4 /* DataVerifier.h */ = {isa = PBXFileReference; fileEncoding = 4; lastKnownFileType = sourcecode.c.h; path = DataVerifier.h; sourceTree = "<group>"; };
		7E4C85F51D6D3CF7004937F4 /* DataVerifier.m */ = {isa = PBXFileReference; fileEncoding = 4; lastKnownFileType = sourcecode.c.objc; path = DataVerifier.m; sourceTree = "<group>"; };
		7E4C85F61D6D3CF7004937F4 /* MD5DataSigner.h */ = {isa = PBXFileReference; fileEncoding = 4; lastKnownFileType = sourcecode.c.h; path = MD5DataSigner.h; sourceTree = "<group>"; };
		7E4C85F71D6D3CF7004937F4 /* MD5DataSigner.m */ = {isa = PBXFileReference; fileEncoding = 4; lastKnownFileType = sourcecode.c.objc; path = MD5DataSigner.m; sourceTree = "<group>"; };
		7E4C85F81D6D3CF7004937F4 /* NSData+Base64.h */ = {isa = PBXFileReference; fileEncoding = 4; lastKnownFileType = sourcecode.c.h; path = "NSData+Base64.h"; sourceTree = "<group>"; };
		7E4C85F91D6D3CF7004937F4 /* NSData+Base64.m */ = {isa = PBXFileReference; fileEncoding = 4; lastKnownFileType = sourcecode.c.objc; path = "NSData+Base64.m"; sourceTree = "<group>"; };
		7E4C85FA1D6D3CF7004937F4 /* NSDataEx.h */ = {isa = PBXFileReference; fileEncoding = 4; lastKnownFileType = sourcecode.c.h; path = NSDataEx.h; sourceTree = "<group>"; };
		7E4C85FB1D6D3CF7004937F4 /* NSDataEx.m */ = {isa = PBXFileReference; fileEncoding = 4; lastKnownFileType = sourcecode.c.objc; path = NSDataEx.m; sourceTree = "<group>"; };
		7E4C85FC1D6D3CF7004937F4 /* NSString+Base64.h */ = {isa = PBXFileReference; fileEncoding = 4; lastKnownFileType = sourcecode.c.h; path = "NSString+Base64.h"; sourceTree = "<group>"; };
		7E4C85FD1D6D3CF7004937F4 /* NSString+Base64.m */ = {isa = PBXFileReference; fileEncoding = 4; lastKnownFileType = sourcecode.c.objc; path = "NSString+Base64.m"; sourceTree = "<group>"; };
		7E4C85FE1D6D3CF7004937F4 /* openssl_wrapper.h */ = {isa = PBXFileReference; fileEncoding = 4; lastKnownFileType = sourcecode.c.h; path = openssl_wrapper.h; sourceTree = "<group>"; };
		7E4C85FF1D6D3CF7004937F4 /* openssl_wrapper.m */ = {isa = PBXFileReference; fileEncoding = 4; lastKnownFileType = sourcecode.c.objc; path = openssl_wrapper.m; sourceTree = "<group>"; };
		7E4C86001D6D3CF7004937F4 /* RSADataSigner.h */ = {isa = PBXFileReference; fileEncoding = 4; lastKnownFileType = sourcecode.c.h; path = RSADataSigner.h; sourceTree = "<group>"; };
		7E4C86011D6D3CF7004937F4 /* RSADataSigner.m */ = {isa = PBXFileReference; fileEncoding = 4; lastKnownFileType = sourcecode.c.objc; path = RSADataSigner.m; sourceTree = "<group>"; };
		7E4C86021D6D3CF7004937F4 /* RSADataVerifier.h */ = {isa = PBXFileReference; fileEncoding = 4; lastKnownFileType = sourcecode.c.h; path = RSADataVerifier.h; sourceTree = "<group>"; };
		7E4C86031D6D3CF7004937F4 /* RSADataVerifier.m */ = {isa = PBXFileReference; fileEncoding = 4; lastKnownFileType = sourcecode.c.objc; path = RSADataVerifier.m; sourceTree = "<group>"; };
		7E4C86131D6D3F36004937F4 /* RSA_decode_encode_for_fileAndString-Prefix.pch */ = {isa = PBXFileReference; lastKnownFileType = sourcecode.c.h; path = "RSA_decode_encode_for_fileAndString-Prefix.pch"; sourceTree = "<group>"; };
		7E4C86191D6D4120004937F4 /* CreateKeyViewController.h */ = {isa = PBXFileReference; fileEncoding = 4; lastKnownFileType = sourcecode.c.h; path = CreateKeyViewController.h; sourceTree = "<group>"; };
		7E4C861A1D6D4120004937F4 /* CreateKeyViewController.m */ = {isa = PBXFileReference; fileEncoding = 4; lastKnownFileType = sourcecode.c.objc; path = CreateKeyViewController.m; sourceTree = "<group>"; };
		7E4C861B1D6D4120004937F4 /* CreateKeyViewController.xib */ = {isa = PBXFileReference; fileEncoding = 4; lastKnownFileType = file.xib; path = CreateKeyViewController.xib; sourceTree = "<group>"; };
		7E4C861E1D6D4890004937F4 /* iToast.h */ = {isa = PBXFileReference; fileEncoding = 4; lastKnownFileType = sourcecode.c.h; path = iToast.h; sourceTree = "<group>"; };
		7E4C861F1D6D4890004937F4 /* iToast.m */ = {isa = PBXFileReference; fileEncoding = 4; lastKnownFileType = sourcecode.c.objc; path = iToast.m; sourceTree = "<group>"; };
		7E4C86211D6D48C3004937F4 /* app_private_key.pem */ = {isa = PBXFileReference; fileEncoding = 4; lastKnownFileType = text; path = app_private_key.pem; sourceTree = "<group>"; };
		7E4C86221D6D48C3004937F4 /* app_public_key.pem */ = {isa = PBXFileReference; fileEncoding = 4; lastKnownFileType = text; path = app_public_key.pem; sourceTree = "<group>"; };
/* End PBXFileReference section */

/* Begin PBXFrameworksBuildPhase section */
		7E4C85801D6D3C26004937F4 /* Frameworks */ = {
			isa = PBXFrameworksBuildPhase;
			buildActionMask = 2147483647;
			files = (
			);
			runOnlyForDeploymentPostprocessing = 0;
		};
/* End PBXFrameworksBuildPhase section */

/* Begin PBXGroup section */
		0C6BA238827DF927C9E94B75 /* Frameworks */ = {
			isa = PBXGroup;
			children = (
				32F68F76137C41FFE195BF47 /* libPods-RSA_decode_encode_for_fileAndString.a */,
			);
			name = Frameworks;
			sourceTree = "<group>";
		};
		7E4C857A1D6D3C26004937F4 = {
			isa = PBXGroup;
			children = (
				7E4C85851D6D3C26004937F4 /* RSA_decode_encode_for_fileAndString */,
				7E4C85841D6D3C26004937F4 /* Products */,
				A7639A0D6E5BAF2847CB9406 /* Pods */,
				0C6BA238827DF927C9E94B75 /* Frameworks */,
			);
			sourceTree = "<group>";
		};
		7E4C85841D6D3C26004937F4 /* Products */ = {
			isa = PBXGroup;
			children = (
				7E4C85831D6D3C26004937F4 /* RSA_decode_encode_for_fileAndString.app */,
			);
			name = Products;
			sourceTree = "<group>";
		};
		7E4C85851D6D3C26004937F4 /* RSA_decode_encode_for_fileAndString */ = {
			isa = PBXGroup;
			children = (
				7E4C85891D6D3C26004937F4 /* AppDelegate.h */,
				7E4C858A1D6D3C26004937F4 /* AppDelegate.m */,
				7E4C85921D6D3C26004937F4 /* Assets.xcassets */,
				7E4C86191D6D4120004937F4 /* CreateKeyViewController.h */,
				7E4C861A1D6D4120004937F4 /* CreateKeyViewController.m */,
				7E4C861B1D6D4120004937F4 /* CreateKeyViewController.xib */,
				7E4C85971D6D3C26004937F4 /* Info.plist */,
				7E4C85941D6D3C26004937F4 /* LaunchScreen.storyboard */,
				7E4C858F1D6D3C26004937F4 /* Main.storyboard */,
				7E4C85861D6D3C26004937F4 /* Supporting Files */,
				7E4C859D1D6D3CE7004937F4 /* vender */,
				7E4C858C1D6D3C26004937F4 /* ViewController.h */,
				7E4C858D1D6D3C26004937F4 /* ViewController.m */,
			);
			path = RSA_decode_encode_for_fileAndString;
			sourceTree = "<group>";
		};
		7E4C85861D6D3C26004937F4 /* Supporting Files */ = {
			isa = PBXGroup;
			children = (
				7E4C86211D6D48C3004937F4 /* app_private_key.pem */,
				7E4C86221D6D48C3004937F4 /* app_public_key.pem */,
				7E4C85871D6D3C26004937F4 /* main.m */,
				7E4C86131D6D3F36004937F4 /* RSA_decode_encode_for_fileAndString-Prefix.pch */,
			);
			name = "Supporting Files";
			sourceTree = "<group>";
		};
		7E4C859D1D6D3CE7004937F4 /* vender */ = {
			isa = PBXGroup;
			children = (
				7E4C85EC1D6D3CF7004937F4 /* Util */,
			);
			path = vender;
			sourceTree = "<group>";
		};
		7E4C85EC1D6D3CF7004937F4 /* Util */ = {
			isa = PBXGroup;
			children = (
				7E4C861E1D6D4890004937F4 /* iToast.h */,
				7E4C861F1D6D4890004937F4 /* iToast.m */,
				7E4C85ED1D6D3CF7004937F4 /* base64.h */,
				7E4C85EE1D6D3CF7004937F4 /* base64.m */,
				7E4C85EF1D6D3CF7004937F4 /* BBRSACryptor.h */,
				7E4C85F01D6D3CF7004937F4 /* BBRSACryptor.m */,
				7E4C85F11D6D3CF7004937F4 /* config.h */,
				7E4C85F21D6D3CF7004937F4 /* DataSigner.h */,
				7E4C85F31D6D3CF7004937F4 /* DataSigner.m */,
				7E4C85F41D6D3CF7004937F4 /* DataVerifier.h */,
				7E4C85F51D6D3CF7004937F4 /* DataVerifier.m */,
				7E4C85F61D6D3CF7004937F4 /* MD5DataSigner.h */,
				7E4C85F71D6D3CF7004937F4 /* MD5DataSigner.m */,
				7E4C85F81D6D3CF7004937F4 /* NSData+Base64.h */,
				7E4C85F91D6D3CF7004937F4 /* NSData+Base64.m */,
				7E4C85FA1D6D3CF7004937F4 /* NSDataEx.h */,
				7E4C85FB1D6D3CF7004937F4 /* NSDataEx.m */,
				7E4C85FC1D6D3CF7004937F4 /* NSString+Base64.h */,
				7E4C85FD1D6D3CF7004937F4 /* NSString+Base64.m */,
				7E4C85FE1D6D3CF7004937F4 /* openssl_wrapper.h */,
				7E4C85FF1D6D3CF7004937F4 /* openssl_wrapper.m */,
				7E4C86001D6D3CF7004937F4 /* RSADataSigner.h */,
				7E4C86011D6D3CF7004937F4 /* RSADataSigner.m */,
				7E4C86021D6D3CF7004937F4 /* RSADataVerifier.h */,
				7E4C86031D6D3CF7004937F4 /* RSADataVerifier.m */,
			);
			path = Util;
			sourceTree = "<group>";
		};
		A7639A0D6E5BAF2847CB9406 /* Pods */ = {
			isa = PBXGroup;
			children = (
				209B7E55B19D468642C9F64A /* Pods-RSA_decode_encode_for_fileAndString.debug.xcconfig */,
				38E354665E09F46C5C0618A4 /* Pods-RSA_decode_encode_for_fileAndString.release.xcconfig */,
			);
			name = Pods;
			sourceTree = "<group>";
		};
/* End PBXGroup section */

/* Begin PBXNativeTarget section */
		7E4C85821D6D3C26004937F4 /* RSA_decode_encode_for_fileAndString */ = {
			isa = PBXNativeTarget;
			buildConfigurationList = 7E4C859A1D6D3C26004937F4 /* Build configuration list for PBXNativeTarget "RSA_decode_encode_for_fileAndString" */;
			buildPhases = (
				6601251067D03ADD9DA569C6 /* [CP] Check Pods Manifest.lock */,
				7E4C857F1D6D3C26004937F4 /* Sources */,
				7E4C85801D6D3C26004937F4 /* Frameworks */,
				7E4C85811D6D3C26004937F4 /* Resources */,
				7E0EA9013AE8318B633E31E5 /* [CP] Embed Pods Frameworks */,
				408E681D46BC3B9333A786A3 /* [CP] Copy Pods Resources */,
			);
			buildRules = (
			);
			dependencies = (
			);
			name = RSA_decode_encode_for_fileAndString;
			productName = RSA_decode_encode_for_fileAndString;
			productReference = 7E4C85831D6D3C26004937F4 /* RSA_decode_encode_for_fileAndString.app */;
			productType = "com.apple.product-type.application";
		};
/* End PBXNativeTarget section */

/* Begin PBXProject section */
		7E4C857B1D6D3C26004937F4 /* Project object */ = {
			isa = PBXProject;
			attributes = {
				LastUpgradeCheck = 0720;
				ORGANIZATIONNAME = skyinno;
				TargetAttributes = {
					7E4C85821D6D3C26004937F4 = {
						CreatedOnToolsVersion = 7.2.1;
						DevelopmentTeam = 7NPS84PN5X;
					};
				};
			};
			buildConfigurationList = 7E4C857E1D6D3C26004937F4 /* Build configuration list for PBXProject "RSA_decode_encode_for_fileAndString" */;
			compatibilityVersion = "Xcode 3.2";
			developmentRegion = English;
			hasScannedForEncodings = 0;
			knownRegions = (
				en,
				Base,
			);
			mainGroup = 7E4C857A1D6D3C26004937F4;
			productRefGroup = 7E4C85841D6D3C26004937F4 /* Products */;
			projectDirPath = "";
			projectRoot = "";
			targets = (
				7E4C85821D6D3C26004937F4 /* RSA_decode_encode_for_fileAndString */,
			);
		};
/* End PBXProject section */

/* Begin PBXResourcesBuildPhase section */
		7E4C85811D6D3C26004937F4 /* Resources */ = {
			isa = PBXResourcesBuildPhase;
			buildActionMask = 2147483647;
			files = (
				7E4C86231D6D48C3004937F4 /* app_private_key.pem in Resources */,
				7E4C861D1D6D4120004937F4 /* CreateKeyViewController.xib in Resources */,
				7E4C85961D6D3C26004937F4 /* LaunchScreen.storyboard in Resources */,
				7E4C86241D6D48C3004937F4 /* app_public_key.pem in Resources */,
				7E4C85931D6D3C26004937F4 /* Assets.xcassets in Resources */,
				7E4C85911D6D3C26004937F4 /* Main.storyboard in Resources */,
			);
			runOnlyForDeploymentPostprocessing = 0;
		};
/* End PBXResourcesBuildPhase section */

/* Begin PBXShellScriptBuildPhase section */
		408E681D46BC3B9333A786A3 /* [CP] Copy Pods Resources */ = {
			isa = PBXShellScriptBuildPhase;
			buildActionMask = 2147483647;
			files = (
			);
			inputPaths = (
			);
			name = "[CP] Copy Pods Resources";
			outputPaths = (
			);
			runOnlyForDeploymentPostprocessing = 0;
			shellPath = /bin/sh;
			shellScript = "\"${SRCROOT}/Pods/Target Support Files/Pods-RSA_decode_encode_for_fileAndString/Pods-RSA_decode_encode_for_fileAndString-resources.sh\"\n";
			showEnvVarsInLog = 0;
		};
		6601251067D03ADD9DA569C6 /* [CP] Check Pods Manifest.lock */ = {
			isa = PBXShellScriptBuildPhase;
			buildActionMask = 2147483647;
			files = (
			);
			inputPaths = (
			);
			name = "[CP] Check Pods Manifest.lock";
			outputPaths = (
			);
			runOnlyForDeploymentPostprocessing = 0;
			shellPath = /bin/sh;
			shellScript = "diff \"${PODS_PODFILE_DIR_PATH}/Podfile.lock\" \"${PODS_ROOT}/Manifest.lock\" > /dev/null\nif [ $? != 0 ] ; then\n    # print error to STDERR\n    echo \"error: The sandbox is not in sync with the Podfile.lock. Run 'pod install' or update your CocoaPods installation.\" >&2\n    exit 1\nfi\n";
			showEnvVarsInLog = 0;
		};
		7E0EA9013AE8318B633E31E5 /* [CP] Embed Pods Frameworks */ = {
			isa = PBXShellScriptBuildPhase;
			buildActionMask = 2147483647;
			files = (
			);
			inputPaths = (
			);
			name = "[CP] Embed Pods Frameworks";
			outputPaths = (
			);
			runOnlyForDeploymentPostprocessing = 0;
			shellPath = /bin/sh;
			shellScript = "\"${SRCROOT}/Pods/Target Support Files/Pods-RSA_decode_encode_for_fileAndString/Pods-RSA_decode_encode_for_fileAndString-frameworks.sh\"\n";
			showEnvVarsInLog = 0;
		};
/* End PBXShellScriptBuildPhase section */

/* Begin PBXSourcesBuildPhase section */
		7E4C857F1D6D3C26004937F4 /* Sources */ = {
			isa = PBXSourcesBuildPhase;
			buildActionMask = 2147483647;
			files = (
				7E4C860F1D6D3CF7004937F4 /* RSADataSigner.m in Sources */,
				7E4C86061D6D3CF7004937F4 /* base64.m in Sources */,
				7E4C860C1D6D3CF7004937F4 /* NSDataEx.m in Sources */,
				7E4C858E1D6D3C26004937F4 /* ViewController.m in Sources */,
				7E4C860A1D6D3CF7004937F4 /* MD5DataSigner.m in Sources */,
				7E4C86071D6D3CF7004937F4 /* BBRSACryptor.m in Sources */,
				7E4C86081D6D3CF7004937F4 /* DataSigner.m in Sources */,
				7E4C86201D6D4890004937F4 /* iToast.m in Sources */,
				7E4C860D1D6D3CF7004937F4 /* NSString+Base64.m in Sources */,
				7E4C858B1D6D3C26004937F4 /* AppDelegate.m in Sources */,
				7E4C860E1D6D3CF7004937F4 /* openssl_wrapper.m in Sources */,
				7E4C861C1D6D4120004937F4 /* CreateKeyViewController.m in Sources */,
				7E4C86101D6D3CF7004937F4 /* RSADataVerifier.m in Sources */,
				7E4C85881D6D3C26004937F4 /* main.m in Sources */,
				7E4C86091D6D3CF7004937F4 /* DataVerifier.m in Sources */,
				7E4C860B1D6D3CF7004937F4 /* NSData+Base64.m in Sources */,
			);
			runOnlyForDeploymentPostprocessing = 0;
		};
/* End PBXSourcesBuildPhase section */

/* Begin PBXVariantGroup section */
		7E4C858F1D6D3C26004937F4 /* Main.storyboard */ = {
			isa = PBXVariantGroup;
			children = (
				7E4C85901D6D3C26004937F4 /* Base */,
			);
			name = Main.storyboard;
			sourceTree = "<group>";
		};
		7E4C85941D6D3C26004937F4 /* LaunchScreen.storyboard */ = {
			isa = PBXVariantGroup;
			children = (
				7E4C85951D6D3C26004937F4 /* Base */,
			);
			name = LaunchScreen.storyboard;
			sourceTree = "<group>";
		};
/* End PBXVariantGroup section */

/* Begin XCBuildConfiguration section */
		7E4C85981D6D3C26004937F4 /* Debug */ = {
			isa = XCBuildConfiguration;
			buildSettings = {
				ALWAYS_SEARCH_USER_PATHS = NO;
				CLANG_CXX_LANGUAGE_STANDARD = "gnu++0x";
				CLANG_CXX_LIBRARY = "libc++";
				CLANG_ENABLE_MODULES = YES;
				CLANG_ENABLE_OBJC_ARC = YES;
				CLANG_WARN_BOOL_CONVERSION = YES;
				CLANG_WARN_CONSTANT_CONVERSION = YES;
				CLANG_WARN_DIRECT_OBJC_ISA_USAGE = YES_ERROR;
				CLANG_WARN_EMPTY_BODY = YES;
				CLANG_WARN_ENUM_CONVERSION = YES;
				CLANG_WARN_INT_CONVERSION = YES;
				CLANG_WARN_OBJC_ROOT_CLASS = YES_ERROR;
				CLANG_WARN_UNREACHABLE_CODE = YES;
				CLANG_WARN__DUPLICATE_METHOD_MATCH = YES;
				"CODE_SIGN_IDENTITY[sdk=iphoneos*]" = "iPhone Developer";
				COPY_PHASE_STRIP = NO;
				DEBUG_INFORMATION_FORMAT = dwarf;
				ENABLE_STRICT_OBJC_MSGSEND = YES;
				ENABLE_TESTABILITY = YES;
				GCC_C_LANGUAGE_STANDARD = gnu99;
				GCC_DYNAMIC_NO_PIC = NO;
				GCC_NO_COMMON_BLOCKS = YES;
				GCC_OPTIMIZATION_LEVEL = 0;
				GCC_PREPROCESSOR_DEFINITIONS = (
					"DEBUG=1",
					"$(inherited)",
				);
				GCC_WARN_64_TO_32_BIT_CONVERSION = YES;
				GCC_WARN_ABOUT_RETURN_TYPE = YES_ERROR;
				GCC_WARN_UNDECLARED_SELECTOR = YES;
				GCC_WARN_UNINITIALIZED_AUTOS = YES_AGGRESSIVE;
				GCC_WARN_UNUSED_FUNCTION = YES;
				GCC_WARN_UNUSED_VARIABLE = YES;
				IPHONEOS_DEPLOYMENT_TARGET = 9.2;
				MTL_ENABLE_DEBUG_INFO = YES;
				ONLY_ACTIVE_ARCH = YES;
				SDKROOT = iphoneos;
			};
			name = Debug;
		};
		7E4C85991D6D3C26004937F4 /* Release */ = {
			isa = XCBuildConfiguration;
			buildSettings = {
				ALWAYS_SEARCH_USER_PATHS = NO;
				CLANG_CXX_LANGUAGE_STANDARD = "gnu++0x";
				CLANG_CXX_LIBRARY = "libc++";
				CLANG_ENABLE_MODULES = YES;
				CLANG_ENABLE_OBJC_ARC = YES;
				CLANG_WARN_BOOL_CONVERSION = YES;
				CLANG_WARN_CONSTANT_CONVERSION = YES;
				CLANG_WARN_DIRECT_OBJC_ISA_USAGE = YES_ERROR;
				CLANG_WARN_EMPTY_BODY = YES;
				CLANG_WARN_ENUM_CONVERSION = YES;
				CLANG_WARN_INT_CONVERSION = YES;
				CLANG_WARN_OBJC_ROOT_CLASS = YES_ERROR;
				CLANG_WARN_UNREACHABLE_CODE = YES;
				CLANG_WARN__DUPLICATE_METHOD_MATCH = YES;
				"CODE_SIGN_IDENTITY[sdk=iphoneos*]" = "iPhone Developer";
				COPY_PHASE_STRIP = NO;
				DEBUG_INFORMATION_FORMAT = "dwarf-with-dsym";
				ENABLE_NS_ASSERTIONS = NO;
				ENABLE_STRICT_OBJC_MSGSEND = YES;
				GCC_C_LANGUAGE_STANDARD = gnu99;
				GCC_NO_COMMON_BLOCKS = YES;
				GCC_WARN_64_TO_32_BIT_CONVERSION = YES;
				GCC_WARN_ABOUT_RETURN_TYPE = YES_ERROR;
				GCC_WARN_UNDECLARED_SELECTOR = YES;
				GCC_WARN_UNINITIALIZED_AUTOS = YES_AGGRESSIVE;
				GCC_WARN_UNUSED_FUNCTION = YES;
				GCC_WARN_UNUSED_VARIABLE = YES;
				IPHONEOS_DEPLOYMENT_TARGET = 9.2;
				MTL_ENABLE_DEBUG_INFO = NO;
				SDKROOT = iphoneos;
				VALIDATE_PRODUCT = YES;
			};
			name = Release;
		};
		7E4C859B1D6D3C26004937F4 /* Debug */ = {
			isa = XCBuildConfiguration;
			baseConfigurationReference = 209B7E55B19D468642C9F64A /* Pods-RSA_decode_encode_for_fileAndString.debug.xcconfig */;
			buildSettings = {
				ASSETCATALOG_COMPILER_APPICON_NAME = AppIcon;
				CODE_SIGN_IDENTITY = "iPhone Developer";
				"CODE_SIGN_IDENTITY[sdk=iphoneos*]" = "iPhone Developer";
				ENABLE_BITCODE = YES;
				GCC_PREFIX_HEADER = "RSA_decode_encode_for_fileAndString/RSA_decode_encode_for_fileAndString-Prefix.pch";
				HEADER_SEARCH_PATHS = "$(SRCROOT)/RSA_decode_encode_for_fileAndString/vender/";
				INFOPLIST_FILE = RSA_decode_encode_for_fileAndString/Info.plist;
				IPHONEOS_DEPLOYMENT_TARGET = 8.0;
				LD_RUNPATH_SEARCH_PATHS = "$(inherited) @executable_path/Frameworks";
				LIBRARY_SEARCH_PATHS = (
					"$(inherited)",
					"$(PROJECT_DIR)/RSA_decode_encode_for_fileAndString/vender",
				);
				PRODUCT_BUNDLE_IDENTIFIER = com.skyinno.RSA;
				PRODUCT_NAME = "$(TARGET_NAME)";
				PROVISIONING_PROFILE = "";
			};
			name = Debug;
		};
		7E4C859C1D6D3C26004937F4 /* Release */ = {
			isa = XCBuildConfiguration;
			baseConfigurationReference = 38E354665E09F46C5C0618A4 /* Pods-RSA_decode_encode_for_fileAndString.release.xcconfig */;
			buildSettings = {
				ASSETCATALOG_COMPILER_APPICON_NAME = AppIcon;
				CODE_SIGN_IDENTITY = "iPhone Developer";
				"CODE_SIGN_IDENTITY[sdk=iphoneos*]" = "iPhone Developer";
				ENABLE_BITCODE = YES;
				GCC_PREFIX_HEADER = "RSA_decode_encode_for_fileAndString/RSA_decode_encode_for_fileAndString-Prefix.pch";
				HEADER_SEARCH_PATHS = "$(SRCROOT)/RSA_decode_encode_for_fileAndString/vender/";
				INFOPLIST_FILE = RSA_decode_encode_for_fileAndString/Info.plist;
				IPHONEOS_DEPLOYMENT_TARGET = 8.0;
				LD_RUNPATH_SEARCH_PATHS = "$(inherited) @executable_path/Frameworks";
				LIBRARY_SEARCH_PATHS = (
					"$(inherited)",
					"$(PROJECT_DIR)/RSA_decode_encode_for_fileAndString/vender",
				);
				PRODUCT_BUNDLE_IDENTIFIER = com.skyinno.RSA;
				PRODUCT_NAME = "$(TARGET_NAME)";
				PROVISIONING_PROFILE = "";
			};
			name = Release;
		};
/* End XCBuildConfiguration section */

/* Begin XCConfigurationList section */
		7E4C857E1D6D3C26004937F4 /* Build configuration list for PBXProject "RSA_decode_encode_for_fileAndString" */ = {
			isa = XCConfigurationList;
			buildConfigurations = (
				7E4C85981D6D3C26004937F4 /* Debug */,
				7E4C85991D6D3C26004937F4 /* Release */,
			);
			defaultConfigurationIsVisible = 0;
			defaultConfigurationName = Release;
		};
		7E4C859A1D6D3C26004937F4 /* Build configuration list for PBXNativeTarget "RSA_decode_encode_for_fileAndString" */ = {
			isa = XCConfigurationList;
			buildConfigurations = (
				7E4C859B1D6D3C26004937F4 /* Debug */,
				7E4C859C1D6D3C26004937F4 /* Release */,
			);
			defaultConfigurationIsVisible = 0;
			defaultConfigurationName = Release;
		};
/* End XCConfigurationList section */
	};
	rootObject = 7E4C857B1D6D3C26004937F4 /* Project object */;
}
